
Microsoft Visual Studio Solution File, Format Version 12.00
# Visual Studio 15
VisualStudioVersion = 15.0.27004.2005
MinimumVisualStudioVersion = 10.0.40219.1
Project("{FAE04EC0-301F-11D3-BF4B-00C04F79EFBC}") = "CSharp_Library", "CSharp_Library\CSharp_Library.csproj", "{6EA0F055-CA77-40EC-81EA-4EBA373C0598}"
EndProject
Project("{FAE04EC0-301F-11D3-BF4B-00C04F79EFBC}") = "0.01_Intro", "0.01_Intro\0.01_Intro.csproj", "{EB3D1C8D-3390-483C-8DB2-2D109BAA792B}"
EndProject
Project("{FAE04EC0-301F-11D3-BF4B-00C04F79EFBC}") = "0.02_BasicTypes", "0.02_BasicTypes\0.02_BasicTypes.csproj", "{910E0B36-753C-4EDD-8400-02A420BDB7C3}"
EndProject
Project("{FAE04EC0-301F-11D3-BF4B-00C04F79EFBC}") = "0.03_Strings", "0.03_Strings\0.03_Strings.csproj", "{CEBB0357-0D28-46C1-9B4C-8C894F8A0BF5}"
EndProject
Project("{FAE04EC0-301F-11D3-BF4B-00C04F79EFBC}") = "0.04_Conditionals", "0.04_Conditionals\0.04_Conditionals.csproj", "{44D67034-47C2-4023-9F0E-F4E2FC9387F6}"
EndProject
Project("{FAE04EC0-301F-11D3-BF4B-00C04F79EFBC}") = "0.05_Switch", "0.05_Switch\0.05_Switch.csproj", "{76499BA7-1FA4-46C8-975F-FB75700A065F}"
EndProject
Project("{FAE04EC0-301F-11D3-BF4B-00C04F79EFBC}") = "0.06_ForLoops", "0.06_ForLoops\0.06_ForLoops.csproj", "{4353B791-159E-4DEF-B8B7-50257B9BDF9B}"
EndProject
Project("{FAE04EC0-301F-11D3-BF4B-00C04F79EFBC}") = "0.07_Objects", "0.07_Objects\0.07_Objects.csproj", "{A0955759-55F7-45DA-A042-0A4747BB0F15}"
EndProject
Project("{FAE04EC0-301F-11D3-BF4B-00C04F79EFBC}") = "0.08_ArraysChallenge", "0.08_Arrays\0.08_ArraysChallenge.csproj", "{D46CE242-7436-4EBB-9407-308790CDE0BE}"
EndProject
Project("{FAE04EC0-301F-11D3-BF4B-00C04F79EFBC}") = "0.09_Dictionaries", "0.09_Dictionaries\0.09_Dictionaries.csproj", "{B9D6DD07-4143-4C1C-BC90-9FBCCD888C65}"
EndProject
Project("{FAE04EC0-301F-11D3-BF4B-00C04F79EFBC}") = "0.10_Constructors", "0.10_Constructors\0.10_Constructors.csproj", "{9824350A-0217-4140-864F-AFF5F4883DA7}"
EndProject
Project("{FAE04EC0-301F-11D3-BF4B-00C04F79EFBC}") = "0.11_OOP_GameBuildAlong", "0.11_OOP_GameBuildAlong\0.11_OOP_GameBuildAlong.csproj", "{0D1A2BF5-B3B4-4466-A8B1-0869A5756CF5}"
EndProject
Project("{FAE04EC0-301F-11D3-BF4B-00C04F79EFBC}") = "0.12_MethodsOverloading", "0.12_MethodsOverloading\0.12_MethodsOverloading.csproj", "{13798D18-6B34-4703-BEF9-BA7022310D07}"
EndProject
Project("{FAE04EC0-301F-11D3-BF4B-00C04F79EFBC}") = "0.13_GettersSetters", "0.13_GettersSetters\0.13_GettersSetters.csproj", "{53A252F1-9AED-43B7-A42A-D99C4C2C76D2}"
EndProject
Project("{FAE04EC0-301F-11D3-BF4B-00C04F79EFBC}") = "0.14_Overrides", "0.14_Overrides\0.14_Overrides.csproj", "{901DB5BE-4C1A-49E3-A2F8-ABC5DC92D334}"
EndProject
Project("{FAE04EC0-301F-11D3-BF4B-00C04F79EFBC}") = "0.15_LINQ", "0.15_LINQ\0.15_LINQ.csproj", "{A8A7FBE3-5A0E-41ED-A58F-0A87074802C5}"
EndProject
Project("{FAE04EC0-301F-11D3-BF4B-00C04F79EFBC}") = "Quiz1", "Quiz1\Quiz1.csproj", "{288BF57B-1741-41FB-977A-ABA0A8064268}"
EndProject
Project("{FAE04EC0-301F-11D3-BF4B-00C04F79EFBC}") = "0.16_Interfaces", "0.16_Interfaces\0.16_Interfaces.csproj", "{7AA81B59-10C8-4A23-BF68-0AC52C35AB76}"
EndProject
Project("{FAE04EC0-301F-11D3-BF4B-00C04F79EFBC}") = "0.02_BasicTypesChallenges", "0.02_BasicTypesChallenges\0.02_BasicTypesChallenges.csproj", "{19FF1EE3-E701-4AE9-B711-F15757BCBE16}"
EndProject
Project("{FAE04EC0-301F-11D3-BF4B-00C04F79EFBC}") = "0.07_ObjectsChallenges", "0.07_ObjectsChallenges\0.07_ObjectsChallenges.csproj", "{8E6BA3A8-2E68-4D9E-A382-332E78D2032D}"
EndProject
Project("{FAE04EC0-301F-11D3-BF4B-00C04F79EFBC}") = "0.09_Dictionaries_practice1", "0.09_Dictionaries_practice1\0.09_Dictionaries_practice1.csproj", "{BAEBEDE7-6330-4986-94E2-6857C237E6EB}"
EndProject
Project("{FAE04EC0-301F-11D3-BF4B-00C04F79EFBC}") = "0.10_ConstructorsChallenge", "0.10_ConstructorsChallenge\0.10_ConstructorsChallenge.csproj", "{5F5A495F-CD23-468E-9CD0-AC50F2D80243}"
EndProject
Project("{FAE04EC0-301F-11D3-BF4B-00C04F79EFBC}") = "0.11_OOP_Game", "0.11_OOP_Game1\0.11_OOP_Game.csproj", "{C83886A3-E542-4E91-97B8-1111DB384E77}"
EndProject
Project("{FAE04EC0-301F-11D3-BF4B-00C04F79EFBC}") = "Whiteboard1_Q4", "Whiteboard1_Q4\Whiteboard1_Q4.csproj", "{C8C7DB0F-1EDE-4811-95AF-BFBB188B577B}"
EndProject
Project("{FAE04EC0-301F-11D3-BF4B-00C04F79EFBC}") = "Whiteboard1_Q5", "WhiteBoard1_Q5\Whiteboard1_Q5.csproj", "{E325011A-BE34-49FB-81BF-B8FD417EA564}"
EndProject
Project("{FAE04EC0-301F-11D3-BF4B-00C04F79EFBC}") = "Whiteboard1_Q3", "Whiteboard1_Q3\Whiteboard1_Q3.csproj", "{055D09C2-493D-4141-8861-BA33AE9C51DA}"
EndProject
Global
	GlobalSection(SolutionConfigurationPlatforms) = preSolution
		Debug|Any CPU = Debug|Any CPU
		Release|Any CPU = Release|Any CPU
	EndGlobalSection
	GlobalSection(ProjectConfigurationPlatforms) = postSolution
		{6EA0F055-CA77-40EC-81EA-4EBA373C0598}.Debug|Any CPU.ActiveCfg = Debug|Any CPU
		{6EA0F055-CA77-40EC-81EA-4EBA373C0598}.Debug|Any CPU.Build.0 = Debug|Any CPU
		{6EA0F055-CA77-40EC-81EA-4EBA373C0598}.Release|Any CPU.ActiveCfg = Release|Any CPU
		{6EA0F055-CA77-40EC-81EA-4EBA373C0598}.Release|Any CPU.Build.0 = Release|Any CPU
		{EB3D1C8D-3390-483C-8DB2-2D109BAA792B}.Debug|Any CPU.ActiveCfg = Debug|Any CPU
		{EB3D1C8D-3390-483C-8DB2-2D109BAA792B}.Debug|Any CPU.Build.0 = Debug|Any CPU
		{EB3D1C8D-3390-483C-8DB2-2D109BAA792B}.Release|Any CPU.ActiveCfg = Release|Any CPU
		{EB3D1C8D-3390-483C-8DB2-2D109BAA792B}.Release|Any CPU.Build.0 = Release|Any CPU
		{910E0B36-753C-4EDD-8400-02A420BDB7C3}.Debug|Any CPU.ActiveCfg = Debug|Any CPU
		{910E0B36-753C-4EDD-8400-02A420BDB7C3}.Debug|Any CPU.Build.0 = Debug|Any CPU
		{910E0B36-753C-4EDD-8400-02A420BDB7C3}.Release|Any CPU.ActiveCfg = Release|Any CPU
		{910E0B36-753C-4EDD-8400-02A420BDB7C3}.Release|Any CPU.Build.0 = Release|Any CPU
		{CEBB0357-0D28-46C1-9B4C-8C894F8A0BF5}.Debug|Any CPU.ActiveCfg = Debug|Any CPU
		{CEBB0357-0D28-46C1-9B4C-8C894F8A0BF5}.Debug|Any CPU.Build.0 = Debug|Any CPU
		{CEBB0357-0D28-46C1-9B4C-8C894F8A0BF5}.Release|Any CPU.ActiveCfg = Release|Any CPU
		{CEBB0357-0D28-46C1-9B4C-8C894F8A0BF5}.Release|Any CPU.Build.0 = Release|Any CPU
		{44D67034-47C2-4023-9F0E-F4E2FC9387F6}.Debug|Any CPU.ActiveCfg = Debug|Any CPU
		{44D67034-47C2-4023-9F0E-F4E2FC9387F6}.Debug|Any CPU.Build.0 = Debug|Any CPU
		{44D67034-47C2-4023-9F0E-F4E2FC9387F6}.Release|Any CPU.ActiveCfg = Release|Any CPU
		{44D67034-47C2-4023-9F0E-F4E2FC9387F6}.Release|Any CPU.Build.0 = Release|Any CPU
		{76499BA7-1FA4-46C8-975F-FB75700A065F}.Debug|Any CPU.ActiveCfg = Debug|Any CPU
		{76499BA7-1FA4-46C8-975F-FB75700A065F}.Debug|Any CPU.Build.0 = Debug|Any CPU
		{76499BA7-1FA4-46C8-975F-FB75700A065F}.Release|Any CPU.ActiveCfg = Release|Any CPU
		{76499BA7-1FA4-46C8-975F-FB75700A065F}.Release|Any CPU.Build.0 = Release|Any CPU
		{4353B791-159E-4DEF-B8B7-50257B9BDF9B}.Debug|Any CPU.ActiveCfg = Debug|Any CPU
		{4353B791-159E-4DEF-B8B7-50257B9BDF9B}.Debug|Any CPU.Build.0 = Debug|Any CPU
		{4353B791-159E-4DEF-B8B7-50257B9BDF9B}.Release|Any CPU.ActiveCfg = Release|Any CPU
		{4353B791-159E-4DEF-B8B7-50257B9BDF9B}.Release|Any CPU.Build.0 = Release|Any CPU
		{A0955759-55F7-45DA-A042-0A4747BB0F15}.Debug|Any CPU.ActiveCfg = Debug|Any CPU
		{A0955759-55F7-45DA-A042-0A4747BB0F15}.Debug|Any CPU.Build.0 = Debug|Any CPU
		{A0955759-55F7-45DA-A042-0A4747BB0F15}.Release|Any CPU.ActiveCfg = Release|Any CPU
		{A0955759-55F7-45DA-A042-0A4747BB0F15}.Release|Any CPU.Build.0 = Release|Any CPU
		{D46CE242-7436-4EBB-9407-308790CDE0BE}.Debug|Any CPU.ActiveCfg = Debug|Any CPU
		{D46CE242-7436-4EBB-9407-308790CDE0BE}.Debug|Any CPU.Build.0 = Debug|Any CPU
		{D46CE242-7436-4EBB-9407-308790CDE0BE}.Release|Any CPU.ActiveCfg = Release|Any CPU
		{D46CE242-7436-4EBB-9407-308790CDE0BE}.Release|Any CPU.Build.0 = Release|Any CPU
		{B9D6DD07-4143-4C1C-BC90-9FBCCD888C65}.Debug|Any CPU.ActiveCfg = Debug|Any CPU
		{B9D6DD07-4143-4C1C-BC90-9FBCCD888C65}.Debug|Any CPU.Build.0 = Debug|Any CPU
		{B9D6DD07-4143-4C1C-BC90-9FBCCD888C65}.Release|Any CPU.ActiveCfg = Release|Any CPU
		{B9D6DD07-4143-4C1C-BC90-9FBCCD888C65}.Release|Any CPU.Build.0 = Release|Any CPU
		{9824350A-0217-4140-864F-AFF5F4883DA7}.Debug|Any CPU.ActiveCfg = Debug|Any CPU
		{9824350A-0217-4140-864F-AFF5F4883DA7}.Debug|Any CPU.Build.0 = Debug|Any CPU
		{9824350A-0217-4140-864F-AFF5F4883DA7}.Release|Any CPU.ActiveCfg = Release|Any CPU
		{9824350A-0217-4140-864F-AFF5F4883DA7}.Release|Any CPU.Build.0 = Release|Any CPU
		{0D1A2BF5-B3B4-4466-A8B1-0869A5756CF5}.Debug|Any CPU.ActiveCfg = Debug|Any CPU
		{0D1A2BF5-B3B4-4466-A8B1-0869A5756CF5}.Debug|Any CPU.Build.0 = Debug|Any CPU
		{0D1A2BF5-B3B4-4466-A8B1-0869A5756CF5}.Release|Any CPU.ActiveCfg = Release|Any CPU
		{0D1A2BF5-B3B4-4466-A8B1-0869A5756CF5}.Release|Any CPU.Build.0 = Release|Any CPU
		{13798D18-6B34-4703-BEF9-BA7022310D07}.Debug|Any CPU.ActiveCfg = Debug|Any CPU
		{13798D18-6B34-4703-BEF9-BA7022310D07}.Debug|Any CPU.Build.0 = Debug|Any CPU
		{13798D18-6B34-4703-BEF9-BA7022310D07}.Release|Any CPU.ActiveCfg = Release|Any CPU
		{13798D18-6B34-4703-BEF9-BA7022310D07}.Release|Any CPU.Build.0 = Release|Any CPU
		{53A252F1-9AED-43B7-A42A-D99C4C2C76D2}.Debug|Any CPU.ActiveCfg = Debug|Any CPU
		{53A252F1-9AED-43B7-A42A-D99C4C2C76D2}.Debug|Any CPU.Build.0 = Debug|Any CPU
		{53A252F1-9AED-43B7-A42A-D99C4C2C76D2}.Release|Any CPU.ActiveCfg = Release|Any CPU
		{53A252F1-9AED-43B7-A42A-D99C4C2C76D2}.Release|Any CPU.Build.0 = Release|Any CPU
		{901DB5BE-4C1A-49E3-A2F8-ABC5DC92D334}.Debug|Any CPU.ActiveCfg = Debug|Any CPU
		{901DB5BE-4C1A-49E3-A2F8-ABC5DC92D334}.Debug|Any CPU.Build.0 = Debug|Any CPU
		{901DB5BE-4C1A-49E3-A2F8-ABC5DC92D334}.Release|Any CPU.ActiveCfg = Release|Any CPU
		{901DB5BE-4C1A-49E3-A2F8-ABC5DC92D334}.Release|Any CPU.Build.0 = Release|Any CPU
		{A8A7FBE3-5A0E-41ED-A58F-0A87074802C5}.Debug|Any CPU.ActiveCfg = Debug|Any CPU
		{A8A7FBE3-5A0E-41ED-A58F-0A87074802C5}.Debug|Any CPU.Build.0 = Debug|Any CPU
		{A8A7FBE3-5A0E-41ED-A58F-0A87074802C5}.Release|Any CPU.ActiveCfg = Release|Any CPU
		{A8A7FBE3-5A0E-41ED-A58F-0A87074802C5}.Release|Any CPU.Build.0 = Release|Any CPU
		{288BF57B-1741-41FB-977A-ABA0A8064268}.Debug|Any CPU.ActiveCfg = Debug|Any CPU
		{288BF57B-1741-41FB-977A-ABA0A8064268}.Debug|Any CPU.Build.0 = Debug|Any CPU
		{288BF57B-1741-41FB-977A-ABA0A8064268}.Release|Any CPU.ActiveCfg = Release|Any CPU
		{288BF57B-1741-41FB-977A-ABA0A8064268}.Release|Any CPU.Build.0 = Release|Any CPU
		{7AA81B59-10C8-4A23-BF68-0AC52C35AB76}.Debug|Any CPU.ActiveCfg = Debug|Any CPU
		{7AA81B59-10C8-4A23-BF68-0AC52C35AB76}.Debug|Any CPU.Build.0 = Debug|Any CPU
		{7AA81B59-10C8-4A23-BF68-0AC52C35AB76}.Release|Any CPU.ActiveCfg = Release|Any CPU
		{7AA81B59-10C8-4A23-BF68-0AC52C35AB76}.Release|Any CPU.Build.0 = Release|Any CPU
		{19FF1EE3-E701-4AE9-B711-F15757BCBE16}.Debug|Any CPU.ActiveCfg = Debug|Any CPU
		{19FF1EE3-E701-4AE9-B711-F15757BCBE16}.Debug|Any CPU.Build.0 = Debug|Any CPU
		{19FF1EE3-E701-4AE9-B711-F15757BCBE16}.Release|Any CPU.ActiveCfg = Release|Any CPU
		{19FF1EE3-E701-4AE9-B711-F15757BCBE16}.Release|Any CPU.Build.0 = Release|Any CPU
		{8E6BA3A8-2E68-4D9E-A382-332E78D2032D}.Debug|Any CPU.ActiveCfg = Debug|Any CPU
		{8E6BA3A8-2E68-4D9E-A382-332E78D2032D}.Debug|Any CPU.Build.0 = Debug|Any CPU
		{8E6BA3A8-2E68-4D9E-A382-332E78D2032D}.Release|Any CPU.ActiveCfg = Release|Any CPU
		{8E6BA3A8-2E68-4D9E-A382-332E78D2032D}.Release|Any CPU.Build.0 = Release|Any CPU
		{BAEBEDE7-6330-4986-94E2-6857C237E6EB}.Debug|Any CPU.ActiveCfg = Debug|Any CPU
		{BAEBEDE7-6330-4986-94E2-6857C237E6EB}.Debug|Any CPU.Build.0 = Debug|Any CPU
		{BAEBEDE7-6330-4986-94E2-6857C237E6EB}.Release|Any CPU.ActiveCfg = Release|Any CPU
		{BAEBEDE7-6330-4986-94E2-6857C237E6EB}.Release|Any CPU.Build.0 = Release|Any CPU
		{5F5A495F-CD23-468E-9CD0-AC50F2D80243}.Debug|Any CPU.ActiveCfg = Debug|Any CPU
		{5F5A495F-CD23-468E-9CD0-AC50F2D80243}.Debug|Any CPU.Build.0 = Debug|Any CPU
		{5F5A495F-CD23-468E-9CD0-AC50F2D80243}.Release|Any CPU.ActiveCfg = Release|Any CPU
		{5F5A495F-CD23-468E-9CD0-AC50F2D80243}.Release|Any CPU.Build.0 = Release|Any CPU
		{C83886A3-E542-4E91-97B8-1111DB384E77}.Debug|Any CPU.ActiveCfg = Debug|Any CPU
		{C83886A3-E542-4E91-97B8-1111DB384E77}.Debug|Any CPU.Build.0 = Debug|Any CPU
		{C83886A3-E542-4E91-97B8-1111DB384E77}.Release|Any CPU.ActiveCfg = Release|Any CPU
		{C83886A3-E542-4E91-97B8-1111DB384E77}.Release|Any CPU.Build.0 = Release|Any CPU
		{C8C7DB0F-1EDE-4811-95AF-BFBB188B577B}.Debug|Any CPU.ActiveCfg = Debug|Any CPU
		{C8C7DB0F-1EDE-4811-95AF-BFBB188B577B}.Debug|Any CPU.Build.0 = Debug|Any CPU
		{C8C7DB0F-1EDE-4811-95AF-BFBB188B577B}.Release|Any CPU.ActiveCfg = Release|Any CPU
		{C8C7DB0F-1EDE-4811-95AF-BFBB188B577B}.Release|Any CPU.Build.0 = Release|Any CPU
		{E325011A-BE34-49FB-81BF-B8FD417EA564}.Debug|Any CPU.ActiveCfg = Debug|Any CPU
		{E325011A-BE34-49FB-81BF-B8FD417EA564}.Debug|Any CPU.Build.0 = Debug|Any CPU
		{E325011A-BE34-49FB-81BF-B8FD417EA564}.Release|Any CPU.ActiveCfg = Release|Any CPU
		{E325011A-BE34-49FB-81BF-B8FD417EA564}.Release|Any CPU.Build.0 = Release|Any CPU
		{055D09C2-493D-4141-8861-BA33AE9C51DA}.Debug|Any CPU.ActiveCfg = Debug|Any CPU
		{055D09C2-493D-4141-8861-BA33AE9C51DA}.Debug|Any CPU.Build.0 = Debug|Any CPU
		{055D09C2-493D-4141-8861-BA33AE9C51DA}.Release|Any CPU.ActiveCfg = Release|Any CPU
		{055D09C2-493D-4141-8861-BA33AE9C51DA}.Release|Any CPU.Build.0 = Release|Any CPU
	EndGlobalSection
	GlobalSection(SolutionProperties) = preSolution
		HideSolutionNode = FALSE
	EndGlobalSection
	GlobalSection(ExtensibilityGlobals) = postSolution
		SolutionGuid = {4A02C387-B1A9-49FC-96F7-3947A755BC8A}
	EndGlobalSection
EndGlobal
