
Microsoft Visual Studio Solution File, Format Version 12.00
# Visual Studio 15
VisualStudioVersion = 15.0.27004.2005
MinimumVisualStudioVersion = 10.0.40219.1
Project("{FAE04EC0-301F-11D3-BF4B-00C04F79EFBC}") = "CSharp_Library", "CSharp_Library\CSharp_Library.csproj", "{6EA0F055-CA77-40EC-81EA-4EBA373C0598}"
EndProject
Project("{FAE04EC0-301F-11D3-BF4B-00C04F79EFBC}") = "0.01_Intro", "0.01_Intro\0.01_Intro.csproj", "{EB3D1C8D-3390-483C-8DB2-2D109BAA792B}"
EndProject
Project("{FAE04EC0-301F-11D3-BF4B-00C04F79EFBC}") = "0.02_BasicTypes", "0.02_BasicTypes\0.02_BasicTypes.csproj", "{910E0B36-753C-4EDD-8400-02A420BDB7C3}"
EndProject
Project("{FAE04EC0-301F-11D3-BF4B-00C04F79EFBC}") = "0.03_Strings", "0.03_Strings\0.03_Strings.csproj", "{CEBB0357-0D28-46C1-9B4C-8C894F8A0BF5}"
EndProject
Project("{FAE04EC0-301F-11D3-BF4B-00C04F79EFBC}") = "0.04_Conditionals", "0.04_Conditionals\0.04_Conditionals.csproj", "{44D67034-47C2-4023-9F0E-F4E2FC9387F6}"
EndProject
Project("{FAE04EC0-301F-11D3-BF4B-00C04F79EFBC}") = "0.05_Switch", "0.05_Switch\0.05_Switch.csproj", "{76499BA7-1FA4-46C8-975F-FB75700A065F}"
EndProject
Project("{FAE04EC0-301F-11D3-BF4B-00C04F79EFBC}") = "0.06_ForLoops", "0.06_ForLoops\0.06_ForLoops.csproj", "{4353B791-159E-4DEF-B8B7-50257B9BDF9B}"
EndProject
Project("{FAE04EC0-301F-11D3-BF4B-00C04F79EFBC}") = "0.07_Objects", "0.07_Objects\0.07_Objects.csproj", "{A0955759-55F7-45DA-A042-0A4747BB0F15}"
EndProject
Project("{FAE04EC0-301F-11D3-BF4B-00C04F79EFBC}") = "0.08_ArraysChallenge", "0.08_Arrays\0.08_ArraysChallenge.csproj", "{D46CE242-7436-4EBB-9407-308790CDE0BE}"
EndProject
Project("{FAE04EC0-301F-11D3-BF4B-00C04F79EFBC}") = "0.09_Dictionaries", "0.09_Dictionaries\0.09_Dictionaries.csproj", "{B9D6DD07-4143-4C1C-BC90-9FBCCD888C65}"
EndProject
Project("{FAE04EC0-301F-11D3-BF4B-00C04F79EFBC}") = "0.10_Constructors", "0.10_Constructors\0.10_Constructors.csproj", "{9824350A-0217-4140-864F-AFF5F4883DA7}"
EndProject
Project("{FAE04EC0-301F-11D3-BF4B-00C04F79EFBC}") = "0.11_OOP_GameBuildAlong", "0.11_OOP_GameBuildAlong\0.11_OOP_GameBuildAlong.csproj", "{0D1A2BF5-B3B4-4466-A8B1-0869A5756CF5}"
EndProject
Project("{FAE04EC0-301F-11D3-BF4B-00C04F79EFBC}") = "0.12_MethodsOverloading", "0.12_MethodsOverloading\0.12_MethodsOverloading.csproj", "{13798D18-6B34-4703-BEF9-BA7022310D07}"
EndProject
Project("{FAE04EC0-301F-11D3-BF4B-00C04F79EFBC}") = "0.13_GettersSetters", "0.13_GettersSetters\0.13_GettersSetters.csproj", "{53A252F1-9AED-43B7-A42A-D99C4C2C76D2}"
EndProject
Global
	GlobalSection(SolutionConfigurationPlatforms) = preSolution
		Debug|Any CPU = Debug|Any CPU
		Release|Any CPU = Release|Any CPU
	EndGlobalSection
	GlobalSection(ProjectConfigurationPlatforms) = postSolution
		{6EA0F055-CA77-40EC-81EA-4EBA373C0598}.Debug|Any CPU.ActiveCfg = Debug|Any CPU
		{6EA0F055-CA77-40EC-81EA-4EBA373C0598}.Debug|Any CPU.Build.0 = Debug|Any CPU
		{6EA0F055-CA77-40EC-81EA-4EBA373C0598}.Release|Any CPU.ActiveCfg = Release|Any CPU
		{6EA0F055-CA77-40EC-81EA-4EBA373C0598}.Release|Any CPU.Build.0 = Release|Any CPU
		{EB3D1C8D-3390-483C-8DB2-2D109BAA792B}.Debug|Any CPU.ActiveCfg = Debug|Any CPU
		{EB3D1C8D-3390-483C-8DB2-2D109BAA792B}.Debug|Any CPU.Build.0 = Debug|Any CPU
		{EB3D1C8D-3390-483C-8DB2-2D109BAA792B}.Release|Any CPU.ActiveCfg = Release|Any CPU
		{EB3D1C8D-3390-483C-8DB2-2D109BAA792B}.Release|Any CPU.Build.0 = Release|Any CPU
		{910E0B36-753C-4EDD-8400-02A420BDB7C3}.Debug|Any CPU.ActiveCfg = Debug|Any CPU
		{910E0B36-753C-4EDD-8400-02A420BDB7C3}.Debug|Any CPU.Build.0 = Debug|Any CPU
		{910E0B36-753C-4EDD-8400-02A420BDB7C3}.Release|Any CPU.ActiveCfg = Release|Any CPU
		{910E0B36-753C-4EDD-8400-02A420BDB7C3}.Release|Any CPU.Build.0 = Release|Any CPU
		{CEBB0357-0D28-46C1-9B4C-8C894F8A0BF5}.Debug|Any CPU.ActiveCfg = Debug|Any CPU
		{CEBB0357-0D28-46C1-9B4C-8C894F8A0BF5}.Debug|Any CPU.Build.0 = Debug|Any CPU
		{CEBB0357-0D28-46C1-9B4C-8C894F8A0BF5}.Release|Any CPU.ActiveCfg = Release|Any CPU
		{CEBB0357-0D28-46C1-9B4C-8C894F8A0BF5}.Release|Any CPU.Build.0 = Release|Any CPU
		{44D67034-47C2-4023-9F0E-F4E2FC9387F6}.Debug|Any CPU.ActiveCfg = Debug|Any CPU
		{44D67034-47C2-4023-9F0E-F4E2FC9387F6}.Debug|Any CPU.Build.0 = Debug|Any CPU
		{44D67034-47C2-4023-9F0E-F4E2FC9387F6}.Release|Any CPU.ActiveCfg = Release|Any CPU
		{44D67034-47C2-4023-9F0E-F4E2FC9387F6}.Release|Any CPU.Build.0 = Release|Any CPU
		{76499BA7-1FA4-46C8-975F-FB75700A065F}.Debug|Any CPU.ActiveCfg = Debug|Any CPU
		{76499BA7-1FA4-46C8-975F-FB75700A065F}.Debug|Any CPU.Build.0 = Debug|Any CPU
		{76499BA7-1FA4-46C8-975F-FB75700A065F}.Release|Any CPU.ActiveCfg = Release|Any CPU
		{76499BA7-1FA4-46C8-975F-FB75700A065F}.Release|Any CPU.Build.0 = Release|Any CPU
		{4353B791-159E-4DEF-B8B7-50257B9BDF9B}.Debug|Any CPU.ActiveCfg = Debug|Any CPU
		{4353B791-159E-4DEF-B8B7-50257B9BDF9B}.Debug|Any CPU.Build.0 = Debug|Any CPU
		{4353B791-159E-4DEF-B8B7-50257B9BDF9B}.Release|Any CPU.ActiveCfg = Release|Any CPU
		{4353B791-159E-4DEF-B8B7-50257B9BDF9B}.Release|Any CPU.Build.0 = Release|Any CPU
		{A0955759-55F7-45DA-A042-0A4747BB0F15}.Debug|Any CPU.ActiveCfg = Debug|Any CPU
		{A0955759-55F7-45DA-A042-0A4747BB0F15}.Debug|Any CPU.Build.0 = Debug|Any CPU
		{A0955759-55F7-45DA-A042-0A4747BB0F15}.Release|Any CPU.ActiveCfg = Release|Any CPU
		{A0955759-55F7-45DA-A042-0A4747BB0F15}.Release|Any CPU.Build.0 = Release|Any CPU
		{D46CE242-7436-4EBB-9407-308790CDE0BE}.Debug|Any CPU.ActiveCfg = Debug|Any CPU
		{D46CE242-7436-4EBB-9407-308790CDE0BE}.Debug|Any CPU.Build.0 = Debug|Any CPU
		{D46CE242-7436-4EBB-9407-308790CDE0BE}.Release|Any CPU.ActiveCfg = Release|Any CPU
		{D46CE242-7436-4EBB-9407-308790CDE0BE}.Release|Any CPU.Build.0 = Release|Any CPU
		{B9D6DD07-4143-4C1C-BC90-9FBCCD888C65}.Debug|Any CPU.ActiveCfg = Debug|Any CPU
		{B9D6DD07-4143-4C1C-BC90-9FBCCD888C65}.Debug|Any CPU.Build.0 = Debug|Any CPU
		{B9D6DD07-4143-4C1C-BC90-9FBCCD888C65}.Release|Any CPU.ActiveCfg = Release|Any CPU
		{B9D6DD07-4143-4C1C-BC90-9FBCCD888C65}.Release|Any CPU.Build.0 = Release|Any CPU
		{9824350A-0217-4140-864F-AFF5F4883DA7}.Debug|Any CPU.ActiveCfg = Debug|Any CPU
		{9824350A-0217-4140-864F-AFF5F4883DA7}.Debug|Any CPU.Build.0 = Debug|Any CPU
		{9824350A-0217-4140-864F-AFF5F4883DA7}.Release|Any CPU.ActiveCfg = Release|Any CPU
		{9824350A-0217-4140-864F-AFF5F4883DA7}.Release|Any CPU.Build.0 = Release|Any CPU
		{0D1A2BF5-B3B4-4466-A8B1-0869A5756CF5}.Debug|Any CPU.ActiveCfg = Debug|Any CPU
		{0D1A2BF5-B3B4-4466-A8B1-0869A5756CF5}.Debug|Any CPU.Build.0 = Debug|Any CPU
		{0D1A2BF5-B3B4-4466-A8B1-0869A5756CF5}.Release|Any CPU.ActiveCfg = Release|Any CPU
		{0D1A2BF5-B3B4-4466-A8B1-0869A5756CF5}.Release|Any CPU.Build.0 = Release|Any CPU
		{13798D18-6B34-4703-BEF9-BA7022310D07}.Debug|Any CPU.ActiveCfg = Debug|Any CPU
		{13798D18-6B34-4703-BEF9-BA7022310D07}.Debug|Any CPU.Build.0 = Debug|Any CPU
		{13798D18-6B34-4703-BEF9-BA7022310D07}.Release|Any CPU.ActiveCfg = Release|Any CPU
		{13798D18-6B34-4703-BEF9-BA7022310D07}.Release|Any CPU.Build.0 = Release|Any CPU
		{53A252F1-9AED-43B7-A42A-D99C4C2C76D2}.Debug|Any CPU.ActiveCfg = Debug|Any CPU
		{53A252F1-9AED-43B7-A42A-D99C4C2C76D2}.Debug|Any CPU.Build.0 = Debug|Any CPU
		{53A252F1-9AED-43B7-A42A-D99C4C2C76D2}.Release|Any CPU.ActiveCfg = Release|Any CPU
		{53A252F1-9AED-43B7-A42A-D99C4C2C76D2}.Release|Any CPU.Build.0 = Release|Any CPU
	EndGlobalSection
	GlobalSection(SolutionProperties) = preSolution
		HideSolutionNode = FALSE
	EndGlobalSection
	GlobalSection(ExtensibilityGlobals) = postSolution
		SolutionGuid = {4A02C387-B1A9-49FC-96F7-3947A755BC8A}
	EndGlobalSection
EndGlobal
